
Microsoft Visual Studio Solution File, Format Version 12.00
# Visual Studio 14
VisualStudioVersion = 14.0.25420.1
MinimumVisualStudioVersion = 10.0.40219.1
Project("{2150E333-8FDC-42A3-9474-1A3956D46DE8}") = "src", "src", "{8AD6BBC8-63DF-4ECA-9C41-D47A7F8F9D1D}"
EndProject
Project("{2150E333-8FDC-42A3-9474-1A3956D46DE8}") = "Solution Items", "Solution Items", "{0D754128-A1F3-4578-A6B9-5AD4EDA49D13}"
	ProjectSection(SolutionItems) = preProject
		global.json = global.json
	EndProjectSection
EndProject
Project("{8BB2217D-0F2D-49D1-97BC-3654ED321F3B}") = "SportsLeague", "src\SportsLeague\SportsLeague.xproj", "{C48A94EA-4585-4C39-B784-D9CA313BFE63}"
EndProject
Global
	GlobalSection(SolutionConfigurationPlatforms) = preSolution
		Debug|Any CPU = Debug|Any CPU
		Release|Any CPU = Release|Any CPU
	EndGlobalSection
	GlobalSection(ProjectConfigurationPlatforms) = postSolution
		{C48A94EA-4585-4C39-B784-D9CA313BFE63}.Debug|Any CPU.ActiveCfg = Debug|Any CPU
		{C48A94EA-4585-4C39-B784-D9CA313BFE63}.Debug|Any CPU.Build.0 = Debug|Any CPU
		{C48A94EA-4585-4C39-B784-D9CA313BFE63}.Release|Any CPU.ActiveCfg = Release|Any CPU
		{C48A94EA-4585-4C39-B784-D9CA313BFE63}.Release|Any CPU.Build.0 = Release|Any CPU
	EndGlobalSection
	GlobalSection(SolutionProperties) = preSolution
		HideSolutionNode = FALSE
	EndGlobalSection
	GlobalSection(NestedProjects) = preSolution
		{C48A94EA-4585-4C39-B784-D9CA313BFE63} = {8AD6BBC8-63DF-4ECA-9C41-D47A7F8F9D1D}
	EndGlobalSection
EndGlobal
